
Microsoft Visual Studio Solution File, Format Version 12.00
# Visual Studio 15
VisualStudioVersion = 15.0.27703.2035
MinimumVisualStudioVersion = 10.0.40219.1
Project("{8BC9CEB8-8B4A-11D0-8D11-00A0C91BC942}") = "Challenge 7", "Challenge 7\Challenge 7.vcxproj", "{3558B556-2633-4C2D-9507-32F1A83085BA}"
EndProject
Global
	GlobalSection(SolutionConfigurationPlatforms) = preSolution
		Debug|x64 = Debug|x64
		Debug|x86 = Debug|x86
		Release|x64 = Release|x64
		Release|x86 = Release|x86
	EndGlobalSection
	GlobalSection(ProjectConfigurationPlatforms) = postSolution
		{3558B556-2633-4C2D-9507-32F1A83085BA}.Debug|x64.ActiveCfg = Debug|x64
		{3558B556-2633-4C2D-9507-32F1A83085BA}.Debug|x64.Build.0 = Debug|x64
		{3558B556-2633-4C2D-9507-32F1A83085BA}.Debug|x86.ActiveCfg = Debug|Win32
		{3558B556-2633-4C2D-9507-32F1A83085BA}.Debug|x86.Build.0 = Debug|Win32
		{3558B556-2633-4C2D-9507-32F1A83085BA}.Release|x64.ActiveCfg = Release|x64
		{3558B556-2633-4C2D-9507-32F1A83085BA}.Release|x64.Build.0 = Release|x64
		{3558B556-2633-4C2D-9507-32F1A83085BA}.Release|x86.ActiveCfg = Release|Win32
		{3558B556-2633-4C2D-9507-32F1A83085BA}.Release|x86.Build.0 = Release|Win32
	EndGlobalSection
	GlobalSection(SolutionProperties) = preSolution
		HideSolutionNode = FALSE
	EndGlobalSection
	GlobalSection(ExtensibilityGlobals) = postSolution
		SolutionGuid = {E8290818-08B8-4E9C-9A57-2E5C0520A519}
	EndGlobalSection
EndGlobal
